
Microsoft Visual Studio Solution File, Format Version 12.00
# Visual Studio Version 17
VisualStudioVersion = 17.6.33815.320
MinimumVisualStudioVersion = 10.0.40219.1
Project("{FAE04EC0-301F-11D3-BF4B-00C04F79EFBC}") = "Day5Lab", "Day5Lab.csproj", "{59876D87-7EB5-4C67-875D-31A7A4B3AC82}"
EndProject
Global
	GlobalSection(SolutionConfigurationPlatforms) = preSolution
		Debug|Any CPU = Debug|Any CPU
		Release|Any CPU = Release|Any CPU
	EndGlobalSection
	GlobalSection(ProjectConfigurationPlatforms) = postSolution
		{59876D87-7EB5-4C67-875D-31A7A4B3AC82}.Debug|Any CPU.ActiveCfg = Debug|Any CPU
		{59876D87-7EB5-4C67-875D-31A7A4B3AC82}.Debug|Any CPU.Build.0 = Debug|Any CPU
		{59876D87-7EB5-4C67-875D-31A7A4B3AC82}.Release|Any CPU.ActiveCfg = Release|Any CPU
		{59876D87-7EB5-4C67-875D-31A7A4B3AC82}.Release|Any CPU.Build.0 = Release|Any CPU
	EndGlobalSection
	GlobalSection(SolutionProperties) = preSolution
		HideSolutionNode = FALSE
	EndGlobalSection
	GlobalSection(ExtensibilityGlobals) = postSolution
		SolutionGuid = {A2A8B099-10AD-4CBF-B432-9D53A8F99C98}
	EndGlobalSection
EndGlobal
